PODS:
  - StylableSwiftUI (3.0.0):
    - StylableSwiftUI/Core (= 3.0.0)
  - StylableSwiftUI/Core (3.0.0)

DEPENDENCIES:
  - StylableSwiftUI (from `../`)

EXTERNAL SOURCES:
  StylableSwiftUI:
    :path: "../"

SPEC CHECKSUMS:
  StylableSwiftUI: 1aedd24201497e5e46f098f501b0ee092241f1b1

PODFILE CHECKSUM: 8a65c017ed74d3ec8cb19d92a6573c5cdb098aa5

COCOAPODS: 1.11.3
