{
  "originHash" : "e5c97e589fdff5a805be374f400c472eadbaedf2152bee0b9e860efccd0b4762",
  "pins" : [
    {
      "identity" : "lottie-ios",
      "kind" : "remoteSourceControl",
      "location" : "https://github.com/airbnb/lottie-ios.git",
      "state" : {
        "revision" : "769b88d83a42ca8d5572b020c96f47e3690b3796",
        "version" : "4.4.3"
      }
    }
  ],
  "version" : 3
}
